{
    "_readme": [
        "This file locks the dependencies of your project to a known state",
        "Read more about it at https://getcomposer.org/doc/01-basic-usage.md#composer-lock-the-lock-file",
        "This file is @generated automatically"
    ],
    "hash": "960940a1672266211a19cc2aeeba93f4",
    "content-hash": "dc6cd0cf30da2c09848776fb47471c1d",
    "packages": [
        {
            "name": "cweagans/composer-patches",
            "version": "1.6.2",
            "source": {
                "type": "git",
                "url": "https://github.com/cweagans/composer-patches.git",
                "reference": "014e968ca2ce4342476b3f2f6779b274fff8ae9e"
            },
            "dist": {
                "type": "zip",
                "url": "https://api.github.com/repos/cweagans/composer-patches/zipball/014e968ca2ce4342476b3f2f6779b274fff8ae9e",
                "reference": "014e968ca2ce4342476b3f2f6779b274fff8ae9e",
                "shasum": ""
            },
            "require": {
                "composer-plugin-api": "^1.0",
                "php": ">=5.3.0"
            },
            "require-dev": {
                "composer/composer": "~1.0",
                "phpunit/phpunit": "~4.6"
            },
            "type": "composer-plugin",
            "extra": {
                "class": "cweagans\\Composer\\Patches"
            },
            "autoload": {
                "psr-4": {
                    "cweagans\\Composer\\": "src"
                }
            },
            "notification-url": "https://packagist.org/downloads/",
            "license": [
                "BSD-2-Clause"
            ],
            "authors": [
                {
                    "name": "Cameron Eagans",
                    "email": "me@cweagans.net"
                }
            ],
            "description": "Provides a way to patch Composer packages.",
            "time": "2017-08-30 16:41:23"
        },
        {
            "name": "ircmaxell/php-cfg",
            "version": "dev-master",
            "source": {
                "type": "git",
                "url": "https://github.com/ircmaxell/php-cfg.git",
                "reference": "bc1da7d262ab3ca0e2cd3192772effd264d1eed8"
            },
            "dist": {
                "type": "zip",
                "url": "https://api.github.com/repos/ircmaxell/php-cfg/zipball/bc1da7d262ab3ca0e2cd3192772effd264d1eed8",
                "reference": "bc1da7d262ab3ca0e2cd3192772effd264d1eed8",
                "shasum": ""
            },
            "require": {
                "nikic/php-parser": "^3.0",
                "php": ">=5.5",
                "phpdocumentor/graphviz": "^1.0.4"
            },
            "require-dev": {
                "fabpot/php-cs-fixer": "1.*",
                "phpunit/phpunit": "^4.7"
            },
            "type": "library",
            "extra": {
                "patches_applied": {
                    "Op": "../../patchs/Op.diff",
                    "Include": "../../patchs/Include_.diff",
                    "Traverser": "../../patchs/Traverser.diff"
                }
            },
            "autoload": {
                "psr-4": {
                    "PHPCfg\\": "lib/PHPCfg/"
                }
            },
            "notification-url": "https://packagist.org/downloads/",
            "license": [
                "BSD"
            ],
            "authors": [
                {
                    "name": "Anthony Ferrara",
                    "email": "ircmaxell@gmail.com"
                }
            ],
            "description": "A Control Flow Graph implementation for PHP",
            "time": "2017-10-03 07:27:29"
        },
        {
            "name": "nikic/php-parser",
            "version": "3.x-dev",
            "source": {
                "type": "git",
                "url": "https://github.com/nikic/PHP-Parser.git",
                "reference": "d418bf395113b6a3293bda1d08ddc9b0209d5dcf"
            },
            "dist": {
                "type": "zip",
                "url": "https://api.github.com/repos/nikic/PHP-Parser/zipball/d418bf395113b6a3293bda1d08ddc9b0209d5dcf",
                "reference": "d418bf395113b6a3293bda1d08ddc9b0209d5dcf",
                "shasum": ""
            },
            "require": {
                "ext-tokenizer": "*",
                "php": ">=5.5"
            },
            "require-dev": {
                "phpunit/phpunit": "~4.0|~5.0"
            },
            "bin": [
                "bin/php-parse"
            ],
            "type": "library",
            "extra": {
                "branch-alias": {
                    "dev-master": "3.0-dev"
                }
            },
            "autoload": {
                "psr-4": {
                    "PhpParser\\": "lib/PhpParser"
                }
            },
            "notification-url": "https://packagist.org/downloads/",
            "license": [
                "BSD-3-Clause"
            ],
            "authors": [
                {
                    "name": "Nikita Popov"
                }
            ],
            "description": "A PHP parser written in PHP",
            "keywords": [
                "parser",
                "php"
            ],
            "time": "2017-10-01 14:54:43"
        },
        {
            "name": "phpdocumentor/graphviz",
            "version": "1.0.4",
            "source": {
                "type": "git",
                "url": "https://github.com/phpDocumentor/GraphViz.git",
                "reference": "a906a90a9f230535f25ea31caf81b2323956283f"
            },
            "dist": {
                "type": "zip",
                "url": "https://api.github.com/repos/phpDocumentor/GraphViz/zipball/a906a90a9f230535f25ea31caf81b2323956283f",
                "reference": "a906a90a9f230535f25ea31caf81b2323956283f",
                "shasum": ""
            },
            "require": {
                "php": ">=5.3.3"
            },
            "require-dev": {
                "phpunit/phpunit": "~4.0"
            },
            "type": "library",
            "autoload": {
                "psr-0": {
                    "phpDocumentor": [
                        "src/",
                        "tests/unit"
                    ]
                }
            },
            "notification-url": "https://packagist.org/downloads/",
            "license": [
                "MIT"
            ],
            "authors": [
                {
                    "name": "Mike van Riel",
                    "email": "mike.vanriel@naenius.com"
                }
            ],
            "time": "2016-02-02 13:00:08"
        },
        {
            "name": "progpilot/package",
            "version": "dev-master",
            "dist": {
                "type": "path",
                "url": "../../package",
                "reference": "6ceb6ff1b271649fa0e038173d94b57c93b80b6a",
                "shasum": null
            },
            "require": {
                "cweagans/composer-patches": "~1.0",
                "ircmaxell/php-cfg": "dev-master",
                "symfony/yaml": "~3.3.6"
            },
            "type": "library",
            "extra": {
                "patches": {
                    "ircmaxell/php-cfg": {
                        "Op": "../../patchs/Op.diff",
                        "Include": "../../patchs/Include_.diff",
                        "Traverser": "../../patchs/Traverser.diff"
                    }
                }
            },
            "autoload": {
                "psr-0": {
                    "progpilot": "src"
                }
            },
            "license": [
                "MIT"
            ],
            "authors": [
                {
                    "name": "Eric Therond",
                    "email": "eric.therond.fr@gmail.com"
                }
            ],
            "description": "A Static Analyser for security (package for local dev)"
        },
        {
            "name": "symfony/yaml",
            "version": "v3.3.6",
            "source": {
                "type": "git",
                "url": "https://github.com/symfony/yaml.git",
                "reference": "ddc23324e6cfe066f3dd34a37ff494fa80b617ed"
            },
            "dist": {
                "type": "zip",
                "url": "https://api.github.com/repos/symfony/yaml/zipball/ddc23324e6cfe066f3dd34a37ff494fa80b617ed",
                "reference": "ddc23324e6cfe066f3dd34a37ff494fa80b617ed",
                "shasum": ""
            },
            "require": {
                "php": ">=5.5.9"
            },
            "require-dev": {
                "symfony/console": "~2.8|~3.0"
            },
            "suggest": {
                "symfony/console": "For validating YAML files using the lint command"
            },
            "type": "library",
            "extra": {
                "branch-alias": {
                    "dev-master": "3.3-dev"
                }
            },
            "autoload": {
                "psr-4": {
                    "Symfony\\Component\\Yaml\\": ""
                },
                "exclude-from-classmap": [
                    "/Tests/"
                ]
            },
            "notification-url": "https://packagist.org/downloads/",
            "license": [
                "MIT"
            ],
            "authors": [
                {
                    "name": "Fabien Potencier",
                    "email": "fabien@symfony.com"
                },
                {
                    "name": "Symfony Community",
                    "homepage": "https://symfony.com/contributors"
                }
            ],
            "description": "Symfony Yaml Component",
            "homepage": "https://symfony.com",
            "time": "2017-07-23 12:43:26"
        }
    ],
    "packages-dev": [],
    "aliases": [],
    "minimum-stability": "dev",
    "stability-flags": {
        "progpilot/package": 20
    },
    "prefer-stable": false,
    "prefer-lowest": false,
    "platform": [],
    "platform-dev": []
}
