{
    "name": "progpilot_js",
    "version": "0.0.1",
    "lockfileVersion": 1,
    "requires": true,
    "dependencies": {
        "acorn": {
            "version": "5.7.3",
            "resolved": "https://registry.npmjs.org/acorn/-/acorn-5.7.3.tgz",
            "integrity": "sha512-T/zvzYRfbVojPWahDsE5evJdHb3oJoQfFbsrKM7w5Zcs++Tr257tia3BmMP8XYVjp1S9RZXQMh7gao96BlqZOw=="
        },
        "acorn-jsx": {
            "version": "3.0.1",
            "resolved": "http://registry.npmjs.org/acorn-jsx/-/acorn-jsx-3.0.1.tgz",
            "integrity": "sha1-r9+UiPsezvyDSPb7IvRk4ypYs2s=",
            "requires": {
                "acorn": "^3.0.4"
            },
            "dependencies": {
                "acorn": {
                    "version": "3.3.0",
                    "resolved": "http://registry.npmjs.org/acorn/-/acorn-3.3.0.tgz",
                    "integrity": "sha1-ReN/s56No/JbruP/U2niu18iAXo="
                }
            }
        },
        "esgraph": {
            "version": "0.3.0",
            "resolved": "https://registry.npmjs.org/esgraph/-/esgraph-0.3.0.tgz",
            "integrity": "sha512-kL8BLmSdQMoSG7oWT5KYgwkqDNTo5g89CWd3mJRABktNJof5mqAIm/8RT+bJNzaMO/0+wwkGrfNCeagy9EkNuw==",
            "requires": {
                "espree": "^3.5.2",
                "walkes": "^0.2.0"
            }
        },
        "espree": {
            "version": "3.5.4",
            "resolved": "https://registry.npmjs.org/espree/-/espree-3.5.4.tgz",
            "integrity": "sha512-yAcIQxtmMiB/jL32dzEp2enBeidsB7xWPLNiw3IIkpVds1P+h7qF9YwJq1yUNzp2OKXgAprs4F61ih66UsoD1A==",
            "requires": {
                "acorn": "^5.5.0",
                "acorn-jsx": "^3.0.0"
            }
        },
        "esprima": {
            "version": "4.0.1",
            "resolved": "https://registry.npmjs.org/esprima/-/esprima-4.0.1.tgz",
            "integrity": "sha512-eGuFFw7Upda+g4p+QHvnW0RyTX/SVeJBDM/gCtMARO0cLuT2HcEKnTPvhjV6aGeqrCB/sbNop0Kszm0jsaWU4A=="
        },
        "file-match": {
            "version": "1.0.2",
            "resolved": "https://registry.npmjs.org/file-match/-/file-match-1.0.2.tgz",
            "integrity": "sha1-ycrSZdLIrfOoFHWw30dYWQafrvc=",
            "requires": {
                "utils-extend": "^1.0.6"
            }
        },
        "file-system": {
            "version": "2.2.2",
            "resolved": "https://registry.npmjs.org/file-system/-/file-system-2.2.2.tgz",
            "integrity": "sha1-fWWDPjojR9zZVqgTxncVPtPt2Yc=",
            "requires": {
                "file-match": "^1.0.1",
                "utils-extend": "^1.0.4"
            }
        },
        "utils-extend": {
            "version": "1.0.8",
            "resolved": "https://registry.npmjs.org/utils-extend/-/utils-extend-1.0.8.tgz",
            "integrity": "sha1-zP17ZFQPjpDuIe7Fd2nQZRyril8="
        },
        "walkes": {
            "version": "0.2.1",
            "resolved": "https://registry.npmjs.org/walkes/-/walkes-0.2.1.tgz",
            "integrity": "sha1-fsoUT+Z+0yeC//5ujpX7RIGGR5Y="
        }
    }
}
