{
    "name": "progpilot_js",
    "version": "0.0.1",
    "lockfileVersion": 1,
    "requires": true,
    "dependencies": {
        "acorn": {
            "version": "5.7.4",
            "resolved": "https://registry.npmjs.org/acorn/-/acorn-5.7.4.tgz",
            "integrity": "sha512-1D++VG7BhrtvQpNbBzovKNc1FLGGEE/oGe7b9xJm/RFHMBeUaUGpluV9RLjZa47YFdPcDAenEYuq9pQPcMdLJg=="
        },
        "acorn-jsx": {
            "version": "3.0.1",
            "resolved": "http://registry.npmjs.org/acorn-jsx/-/acorn-jsx-3.0.1.tgz",
            "integrity": "sha1-r9+UiPsezvyDSPb7IvRk4ypYs2s=",
            "requires": {
                "acorn": "^3.0.4"
            },
            "dependencies": {
                "acorn": {
                    "version": "3.3.0",
                    "resolved": "https://registry.npmjs.org/acorn/-/acorn-3.3.0.tgz",
                    "integrity": "sha512-OLUyIIZ7mF5oaAUT1w0TFqQS81q3saT46x8t7ukpPjMNk+nbs4ZHhs7ToV8EWnLYLepjETXd4XaCE4uxkMeqUw=="
                }
            }
        },
        "esgraph": {
            "version": "0.3.0",
            "resolved": "https://registry.npmjs.org/esgraph/-/esgraph-0.3.0.tgz",
            "integrity": "sha512-kL8BLmSdQMoSG7oWT5KYgwkqDNTo5g89CWd3mJRABktNJof5mqAIm/8RT+bJNzaMO/0+wwkGrfNCeagy9EkNuw==",
            "requires": {
                "espree": "^3.5.2",
                "walkes": "^0.2.0"
            }
        },
        "espree": {
            "version": "3.5.4",
            "resolved": "https://registry.npmjs.org/espree/-/espree-3.5.4.tgz",
            "integrity": "sha512-yAcIQxtmMiB/jL32dzEp2enBeidsB7xWPLNiw3IIkpVds1P+h7qF9YwJq1yUNzp2OKXgAprs4F61ih66UsoD1A==",
            "requires": {
                "acorn": "^5.5.0",
                "acorn-jsx": "^3.0.0"
            }
        },
        "esprima": {
            "version": "4.0.1",
            "resolved": "https://registry.npmjs.org/esprima/-/esprima-4.0.1.tgz",
            "integrity": "sha512-eGuFFw7Upda+g4p+QHvnW0RyTX/SVeJBDM/gCtMARO0cLuT2HcEKnTPvhjV6aGeqrCB/sbNop0Kszm0jsaWU4A=="
        },
        "walkes": {
            "version": "0.2.1",
            "resolved": "https://registry.npmjs.org/walkes/-/walkes-0.2.1.tgz",
            "integrity": "sha1-fsoUT+Z+0yeC//5ujpX7RIGGR5Y="
        }
    }
}
